
Microsoft Visual Studio Solution File, Format Version 12.00
# Visual Studio 14
VisualStudioVersion = 14.0.23107.0
MinimumVisualStudioVersion = 10.0.40219.1
Project("{F2A71F9B-5D33-465A-A702-920D77279786}") = "SimpleHttpServer", "src\SimpleHttpServer\SimpleHttpServer.fsproj", "{D31C8147-EDBF-4A67-8FDD-413FE9345C9B}"
EndProject
Project("{FAE04EC0-301F-11D3-BF4B-00C04F79EFBC}") = "RateLimiter", "src\RateLimiter\RateLimiter.csproj", "{2E1F37AD-41D1-466A-A390-E76E18501A07}"
EndProject
Global
	GlobalSection(SolutionConfigurationPlatforms) = preSolution
		Debug|Any CPU = Debug|Any CPU
		Release|Any CPU = Release|Any CPU
	EndGlobalSection
	GlobalSection(ProjectConfigurationPlatforms) = postSolution
		{D31C8147-EDBF-4A67-8FDD-413FE9345C9B}.Debug|Any CPU.ActiveCfg = Debug|Any CPU
		{D31C8147-EDBF-4A67-8FDD-413FE9345C9B}.Debug|Any CPU.Build.0 = Debug|Any CPU
		{D31C8147-EDBF-4A67-8FDD-413FE9345C9B}.Release|Any CPU.ActiveCfg = Release|Any CPU
		{D31C8147-EDBF-4A67-8FDD-413FE9345C9B}.Release|Any CPU.Build.0 = Release|Any CPU
		{2E1F37AD-41D1-466A-A390-E76E18501A07}.Debug|Any CPU.ActiveCfg = Debug|Any CPU
		{2E1F37AD-41D1-466A-A390-E76E18501A07}.Debug|Any CPU.Build.0 = Debug|Any CPU
		{2E1F37AD-41D1-466A-A390-E76E18501A07}.Release|Any CPU.ActiveCfg = Release|Any CPU
		{2E1F37AD-41D1-466A-A390-E76E18501A07}.Release|Any CPU.Build.0 = Release|Any CPU
	EndGlobalSection
	GlobalSection(SolutionProperties) = preSolution
		HideSolutionNode = FALSE
	EndGlobalSection
EndGlobal
